// !$*UTF8*$!
{
	archiveVersion = 1;
	classes = {
	};
	objectVersion = 56;
	objects = {

/* Begin PBXBuildFile section */
		F1470DC52933855700DDA249 /* Config.swift in Sources */ = {isa = PBXBuildFile; fileRef = F1470DC42933855700DDA249 /* Config.swift */; };
		F1470DD52933AC1E00DDA249 /* Coordinator.swift in Sources */ = {isa = PBXBuildFile; fileRef = F1470DD42933AC1E00DDA249 /* Coordinator.swift */; };
		F1470DDD29348CA900DDA249 /* FocustWeather.swift in Sources */ = {isa = PBXBuildFile; fileRef = F1470DDC29348CA900DDA249 /* FocustWeather.swift */; };
		F1470DE029354B8100DDA249 /* WeatherFocustTableViewCell.swift in Sources */ = {isa = PBXBuildFile; fileRef = F1470DDF29354B8100DDA249 /* WeatherFocustTableViewCell.swift */; };
		F1470DE32935503D00DDA249 /* DateFormatter.swift in Sources */ = {isa = PBXBuildFile; fileRef = F1470DE22935503D00DDA249 /* DateFormatter.swift */; };
		F1470DE52935D06700DDA249 /* RoundNumber.swift in Sources */ = {isa = PBXBuildFile; fileRef = F1470DE42935D06700DDA249 /* RoundNumber.swift */; };
		F1470DE9293688F200DDA249 /* ActivityIndicator.swift in Sources */ = {isa = PBXBuildFile; fileRef = F1470DE8293688F200DDA249 /* ActivityIndicator.swift */; };
		F1A685A229376325001A86A7 /* AppTheme.swift in Sources */ = {isa = PBXBuildFile; fileRef = F1A685A129376325001A86A7 /* AppTheme.swift */; };
		F1A685A529378D3E001A86A7 /* Alerts.swift in Sources */ = {isa = PBXBuildFile; fileRef = F1A685A429378D3E001A86A7 /* Alerts.swift */; };
		F1A685A929378FB4001A86A7 /* currentWeatherViewModel.swift in Sources */ = {isa = PBXBuildFile; fileRef = F1A685A829378FB4001A86A7 /* currentWeatherViewModel.swift */; };
		F1A685AB29378FC5001A86A7 /* ForecastWeatherItemViewModel.swift in Sources */ = {isa = PBXBuildFile; fileRef = F1A685AA29378FC5001A86A7 /* ForecastWeatherItemViewModel.swift */; };
		F1F4A86A292EC8B9007D45C4 /* AppDelegate.swift in Sources */ = {isa = PBXBuildFile; fileRef = F1F4A869292EC8B9007D45C4 /* AppDelegate.swift */; };
		F1F4A86C292EC8B9007D45C4 /* SceneDelegate.swift in Sources */ = {isa = PBXBuildFile; fileRef = F1F4A86B292EC8B9007D45C4 /* SceneDelegate.swift */; };
		F1F4A86E292EC8B9007D45C4 /* MainViewController.swift in Sources */ = {isa = PBXBuildFile; fileRef = F1F4A86D292EC8B9007D45C4 /* MainViewController.swift */; };
		F1F4A871292EC8B9007D45C4 /* Main.storyboard in Resources */ = {isa = PBXBuildFile; fileRef = F1F4A86F292EC8B9007D45C4 /* Main.storyboard */; };
		F1F4A873292EC8BC007D45C4 /* Assets.xcassets in Resources */ = {isa = PBXBuildFile; fileRef = F1F4A872292EC8BC007D45C4 /* Assets.xcassets */; };
		F1F4A876292EC8BC007D45C4 /* LaunchScreen.storyboard in Resources */ = {isa = PBXBuildFile; fileRef = F1F4A874292EC8BC007D45C4 /* LaunchScreen.storyboard */; };
		F1F62976293204C1008D2B78 /* CurrentWeather.swift in Sources */ = {isa = PBXBuildFile; fileRef = F1F62975293204C1008D2B78 /* CurrentWeather.swift */; };
		F1F6297929335504008D2B78 /* NetworkService.swift in Sources */ = {isa = PBXBuildFile; fileRef = F1F6297829335504008D2B78 /* NetworkService.swift */; };
		F1F6297B29335822008D2B78 /* Route.swift in Sources */ = {isa = PBXBuildFile; fileRef = F1F6297A29335822008D2B78 /* Route.swift */; };
		F1F6297D2933592B008D2B78 /* Method.swift in Sources */ = {isa = PBXBuildFile; fileRef = F1F6297C2933592B008D2B78 /* Method.swift */; };
		F1F6297F2933595A008D2B78 /* APIResponse.swift in Sources */ = {isa = PBXBuildFile; fileRef = F1F6297E2933595A008D2B78 /* APIResponse.swift */; };
		F1F6298129335B0C008D2B78 /* AppError.swift in Sources */ = {isa = PBXBuildFile; fileRef = F1F6298029335B0C008D2B78 /* AppError.swift */; };
		F1F6298429336221008D2B78 /* String+Extension.swift in Sources */ = {isa = PBXBuildFile; fileRef = F1F6298329336221008D2B78 /* String+Extension.swift */; };
/* End PBXBuildFile section */

/* Begin PBXFileReference section */
		F1470DC42933855700DDA249 /* Config.swift */ = {isa = PBXFileReference; lastKnownFileType = sourcecode.swift; path = Config.swift; sourceTree = "<group>"; };
		F1470DD42933AC1E00DDA249 /* Coordinator.swift */ = {isa = PBXFileReference; lastKnownFileType = sourcecode.swift; path = Coordinator.swift; sourceTree = "<group>"; };
		F1470DDC29348CA900DDA249 /* FocustWeather.swift */ = {isa = PBXFileReference; lastKnownFileType = sourcecode.swift; path = FocustWeather.swift; sourceTree = "<group>"; };
		F1470DDF29354B8100DDA249 /* WeatherFocustTableViewCell.swift */ = {isa = PBXFileReference; lastKnownFileType = sourcecode.swift; path = WeatherFocustTableViewCell.swift; sourceTree = "<group>"; };
		F1470DE22935503D00DDA249 /* DateFormatter.swift */ = {isa = PBXFileReference; lastKnownFileType = sourcecode.swift; path = DateFormatter.swift; sourceTree = "<group>"; };
		F1470DE42935D06700DDA249 /* RoundNumber.swift */ = {isa = PBXFileReference; lastKnownFileType = sourcecode.swift; path = RoundNumber.swift; sourceTree = "<group>"; };
		F1470DE8293688F200DDA249 /* ActivityIndicator.swift */ = {isa = PBXFileReference; lastKnownFileType = sourcecode.swift; path = ActivityIndicator.swift; sourceTree = "<group>"; };
		F1A685A129376325001A86A7 /* AppTheme.swift */ = {isa = PBXFileReference; lastKnownFileType = sourcecode.swift; path = AppTheme.swift; sourceTree = "<group>"; };
		F1A685A429378D3E001A86A7 /* Alerts.swift */ = {isa = PBXFileReference; lastKnownFileType = sourcecode.swift; path = Alerts.swift; sourceTree = "<group>"; };
		F1A685A829378FB4001A86A7 /* currentWeatherViewModel.swift */ = {isa = PBXFileReference; lastKnownFileType = sourcecode.swift; path = currentWeatherViewModel.swift; sourceTree = "<group>"; };
		F1A685AA29378FC5001A86A7 /* ForecastWeatherItemViewModel.swift */ = {isa = PBXFileReference; lastKnownFileType = sourcecode.swift; path = ForecastWeatherItemViewModel.swift; sourceTree = "<group>"; };
		F1F4A866292EC8B9007D45C4 /* AppChallenge.app */ = {isa = PBXFileReference; explicitFileType = wrapper.application; includeInIndex = 0; path = AppChallenge.app; sourceTree = BUILT_PRODUCTS_DIR; };
		F1F4A869292EC8B9007D45C4 /* AppDelegate.swift */ = {isa = PBXFileReference; lastKnownFileType = sourcecode.swift; path = AppDelegate.swift; sourceTree = "<group>"; };
		F1F4A86B292EC8B9007D45C4 /* SceneDelegate.swift */ = {isa = PBXFileReference; lastKnownFileType = sourcecode.swift; path = SceneDelegate.swift; sourceTree = "<group>"; };
		F1F4A86D292EC8B9007D45C4 /* MainViewController.swift */ = {isa = PBXFileReference; lastKnownFileType = sourcecode.swift; path = MainViewController.swift; sourceTree = "<group>"; };
		F1F4A870292EC8B9007D45C4 /* Base */ = {isa = PBXFileReference; lastKnownFileType = file.storyboard; name = Base; path = Base.lproj/Main.storyboard; sourceTree = "<group>"; };
		F1F4A872292EC8BC007D45C4 /* Assets.xcassets */ = {isa = PBXFileReference; lastKnownFileType = folder.assetcatalog; path = Assets.xcassets; sourceTree = "<group>"; };
		F1F4A875292EC8BC007D45C4 /* Base */ = {isa = PBXFileReference; lastKnownFileType = file.storyboard; name = Base; path = Base.lproj/LaunchScreen.storyboard; sourceTree = "<group>"; };
		F1F4A877292EC8BC007D45C4 /* Info.plist */ = {isa = PBXFileReference; lastKnownFileType = text.plist.xml; path = Info.plist; sourceTree = "<group>"; };
		F1F62975293204C1008D2B78 /* CurrentWeather.swift */ = {isa = PBXFileReference; lastKnownFileType = sourcecode.swift; path = CurrentWeather.swift; sourceTree = "<group>"; };
		F1F6297829335504008D2B78 /* NetworkService.swift */ = {isa = PBXFileReference; lastKnownFileType = sourcecode.swift; path = NetworkService.swift; sourceTree = "<group>"; };
		F1F6297A29335822008D2B78 /* Route.swift */ = {isa = PBXFileReference; lastKnownFileType = sourcecode.swift; path = Route.swift; sourceTree = "<group>"; };
		F1F6297C2933592B008D2B78 /* Method.swift */ = {isa = PBXFileReference; lastKnownFileType = sourcecode.swift; path = Method.swift; sourceTree = "<group>"; };
		F1F6297E2933595A008D2B78 /* APIResponse.swift */ = {isa = PBXFileReference; lastKnownFileType = sourcecode.swift; path = APIResponse.swift; sourceTree = "<group>"; };
		F1F6298029335B0C008D2B78 /* AppError.swift */ = {isa = PBXFileReference; lastKnownFileType = sourcecode.swift; path = AppError.swift; sourceTree = "<group>"; };
		F1F6298329336221008D2B78 /* String+Extension.swift */ = {isa = PBXFileReference; lastKnownFileType = sourcecode.swift; path = "String+Extension.swift"; sourceTree = "<group>"; };
/* End PBXFileReference section */

/* Begin PBXFrameworksBuildPhase section */
		F1F4A863292EC8B9007D45C4 /* Frameworks */ = {
			isa = PBXFrameworksBuildPhase;
			buildActionMask = 2147483647;
			files = (
			);
			runOnlyForDeploymentPostprocessing = 0;
		};
/* End PBXFrameworksBuildPhase section */

/* Begin PBXGroup section */
		F1470DC32933854500DDA249 /* Config */ = {
			isa = PBXGroup;
			children = (
				F1470DC42933855700DDA249 /* Config.swift */,
			);
			path = Config;
			sourceTree = "<group>";
		};
		F1470DC62933884900DDA249 /* OldNetworking */ = {
			isa = PBXGroup;
			children = (
				F1F6297A29335822008D2B78 /* Route.swift */,
				F1F6297E2933595A008D2B78 /* APIResponse.swift */,
				F1F6297C2933592B008D2B78 /* Method.swift */,
				F1F6297829335504008D2B78 /* NetworkService.swift */,
				F1F6298029335B0C008D2B78 /* AppError.swift */,
			);
			path = OldNetworking;
			sourceTree = "<group>";
		};
		F1470DD32933AAFF00DDA249 /* Protocol */ = {
			isa = PBXGroup;
			children = (
				F1470DD42933AC1E00DDA249 /* Coordinator.swift */,
			);
			path = Protocol;
			sourceTree = "<group>";
		};
		F1470DDE29354B4700DDA249 /* Cell */ = {
			isa = PBXGroup;
			children = (
				F1470DDF29354B8100DDA249 /* WeatherFocustTableViewCell.swift */,
			);
			path = Cell;
			sourceTree = "<group>";
		};
		F1470DE12935502800DDA249 /* Extras */ = {
			isa = PBXGroup;
			children = (
				F1470DE22935503D00DDA249 /* DateFormatter.swift */,
				F1470DE42935D06700DDA249 /* RoundNumber.swift */,
				F1470DE8293688F200DDA249 /* ActivityIndicator.swift */,
				F1A685A429378D3E001A86A7 /* Alerts.swift */,
			);
			path = Extras;
			sourceTree = "<group>";
		};
		F1A685A029376316001A86A7 /* AppTheme */ = {
			isa = PBXGroup;
			children = (
				F1A685A129376325001A86A7 /* AppTheme.swift */,
			);
			path = AppTheme;
			sourceTree = "<group>";
		};
		F1A685A629378F03001A86A7 /* Main */ = {
			isa = PBXGroup;
			children = (
				F1F4A86F292EC8B9007D45C4 /* Main.storyboard */,
				F1F4A86D292EC8B9007D45C4 /* MainViewController.swift */,
				F1A685A829378FB4001A86A7 /* currentWeatherViewModel.swift */,
				F1A685AA29378FC5001A86A7 /* ForecastWeatherItemViewModel.swift */,
			);
			path = Main;
			sourceTree = "<group>";
		};
		F1A685AC2937A5BB001A86A7 /* Resources */ = {
			isa = PBXGroup;
			children = (
				F1F4A872292EC8BC007D45C4 /* Assets.xcassets */,
			);
			path = Resources;
			sourceTree = "<group>";
		};
		F1EFB860292F98E600BAEECE /* Model */ = {
			isa = PBXGroup;
			children = (
				F1F62975293204C1008D2B78 /* CurrentWeather.swift */,
				F1470DDC29348CA900DDA249 /* FocustWeather.swift */,
			);
			path = Model;
			sourceTree = "<group>";
		};
		F1EFB861292F98EF00BAEECE /* ViewModel */ = {
			isa = PBXGroup;
			children = (
			);
			path = ViewModel;
			sourceTree = "<group>";
		};
		F1EFB862292F992800BAEECE /* UI */ = {
			isa = PBXGroup;
			children = (
				F1A685A629378F03001A86A7 /* Main */,
				F1470DDE29354B4700DDA249 /* Cell */,
			);
			path = UI;
			sourceTree = "<group>";
		};
		F1F4A85D292EC8B9007D45C4 = {
			isa = PBXGroup;
			children = (
				F1F4A868292EC8B9007D45C4 /* AppChallenge */,
				F1F4A867292EC8B9007D45C4 /* Products */,
			);
			sourceTree = "<group>";
		};
		F1F4A867292EC8B9007D45C4 /* Products */ = {
			isa = PBXGroup;
			children = (
				F1F4A866292EC8B9007D45C4 /* AppChallenge.app */,
			);
			name = Products;
			sourceTree = "<group>";
		};
		F1F4A868292EC8B9007D45C4 /* AppChallenge */ = {
			isa = PBXGroup;
			children = (
				F1A685AC2937A5BB001A86A7 /* Resources */,
				F1A685A029376316001A86A7 /* AppTheme */,
				F1470DE12935502800DDA249 /* Extras */,
				F1470DD32933AAFF00DDA249 /* Protocol */,
				F1470DC32933854500DDA249 /* Config */,
				F1F6297729333DD0008D2B78 /* Networking */,
				F1F6298229336208008D2B78 /* Extension */,
				F1EFB862292F992800BAEECE /* UI */,
				F1EFB861292F98EF00BAEECE /* ViewModel */,
				F1EFB860292F98E600BAEECE /* Model */,
				F1F4A869292EC8B9007D45C4 /* AppDelegate.swift */,
				F1F4A86B292EC8B9007D45C4 /* SceneDelegate.swift */,
				F1F4A874292EC8BC007D45C4 /* LaunchScreen.storyboard */,
				F1F4A877292EC8BC007D45C4 /* Info.plist */,
			);
			path = AppChallenge;
			sourceTree = "<group>";
		};
		F1F6297729333DD0008D2B78 /* Networking */ = {
			isa = PBXGroup;
			children = (
				F1470DC62933884900DDA249 /* OldNetworking */,
			);
			path = Networking;
			sourceTree = "<group>";
		};
		F1F6298229336208008D2B78 /* Extension */ = {
			isa = PBXGroup;
			children = (
				F1F6298329336221008D2B78 /* String+Extension.swift */,
			);
			path = Extension;
			sourceTree = "<group>";
		};
/* End PBXGroup section */

/* Begin PBXNativeTarget section */
		F1F4A865292EC8B9007D45C4 /* AppChallenge */ = {
			isa = PBXNativeTarget;
			buildConfigurationList = F1F4A87A292EC8BC007D45C4 /* Build configuration list for PBXNativeTarget "AppChallenge" */;
			buildPhases = (
				F1F4A862292EC8B9007D45C4 /* Sources */,
				F1F4A863292EC8B9007D45C4 /* Frameworks */,
				F1F4A864292EC8B9007D45C4 /* Resources */,
			);
			buildRules = (
			);
			dependencies = (
			);
			name = AppChallenge;
			productName = AppChallenge;
			productReference = F1F4A866292EC8B9007D45C4 /* AppChallenge.app */;
			productType = "com.apple.product-type.application";
		};
/* End PBXNativeTarget section */

/* Begin PBXProject section */
		F1F4A85E292EC8B9007D45C4 /* Project object */ = {
			isa = PBXProject;
			attributes = {
				BuildIndependentTargetsInParallel = 1;
				LastSwiftUpdateCheck = 1410;
				LastUpgradeCheck = 1410;
				TargetAttributes = {
					F1F4A865292EC8B9007D45C4 = {
						CreatedOnToolsVersion = 14.1;
					};
				};
			};
			buildConfigurationList = F1F4A861292EC8B9007D45C4 /* Build configuration list for PBXProject "AppChallenge" */;
			compatibilityVersion = "Xcode 14.0";
			developmentRegion = en;
			hasScannedForEncodings = 0;
			knownRegions = (
				en,
				Base,
			);
			mainGroup = F1F4A85D292EC8B9007D45C4;
			productRefGroup = F1F4A867292EC8B9007D45C4 /* Products */;
			projectDirPath = "";
			projectRoot = "";
			targets = (
				F1F4A865292EC8B9007D45C4 /* AppChallenge */,
			);
		};
/* End PBXProject section */

/* Begin PBXResourcesBuildPhase section */
		F1F4A864292EC8B9007D45C4 /* Resources */ = {
			isa = PBXResourcesBuildPhase;
			buildActionMask = 2147483647;
			files = (
				F1F4A876292EC8BC007D45C4 /* LaunchScreen.storyboard in Resources */,
				F1F4A873292EC8BC007D45C4 /* Assets.xcassets in Resources */,
				F1F4A871292EC8B9007D45C4 /* Main.storyboard in Resources */,
			);
			runOnlyForDeploymentPostprocessing = 0;
		};
/* End PBXResourcesBuildPhase section */

/* Begin PBXSourcesBuildPhase section */
		F1F4A862292EC8B9007D45C4 /* Sources */ = {
			isa = PBXSourcesBuildPhase;
			buildActionMask = 2147483647;
			files = (
				F1F6297929335504008D2B78 /* NetworkService.swift in Sources */,
				F1F4A86E292EC8B9007D45C4 /* MainViewController.swift in Sources */,
				F1F6298129335B0C008D2B78 /* AppError.swift in Sources */,
				F1F4A86A292EC8B9007D45C4 /* AppDelegate.swift in Sources */,
				F1470DE52935D06700DDA249 /* RoundNumber.swift in Sources */,
				F1A685A929378FB4001A86A7 /* currentWeatherViewModel.swift in Sources */,
				F1470DC52933855700DDA249 /* Config.swift in Sources */,
				F1F6297B29335822008D2B78 /* Route.swift in Sources */,
				F1470DE32935503D00DDA249 /* DateFormatter.swift in Sources */,
				F1A685A229376325001A86A7 /* AppTheme.swift in Sources */,
				F1F4A86C292EC8B9007D45C4 /* SceneDelegate.swift in Sources */,
				F1F6297F2933595A008D2B78 /* APIResponse.swift in Sources */,
				F1470DD52933AC1E00DDA249 /* Coordinator.swift in Sources */,
				F1F6297D2933592B008D2B78 /* Method.swift in Sources */,
				F1A685AB29378FC5001A86A7 /* ForecastWeatherItemViewModel.swift in Sources */,
				F1470DE9293688F200DDA249 /* ActivityIndicator.swift in Sources */,
				F1470DDD29348CA900DDA249 /* FocustWeather.swift in Sources */,
				F1470DE029354B8100DDA249 /* WeatherFocustTableViewCell.swift in Sources */,
				F1F6298429336221008D2B78 /* String+Extension.swift in Sources */,
				F1A685A529378D3E001A86A7 /* Alerts.swift in Sources */,
				F1F62976293204C1008D2B78 /* CurrentWeather.swift in Sources */,
			);
			runOnlyForDeploymentPostprocessing = 0;
		};
/* End PBXSourcesBuildPhase section */

/* Begin PBXVariantGroup section */
		F1F4A86F292EC8B9007D45C4 /* Main.storyboard */ = {
			isa = PBXVariantGroup;
			children = (
				F1F4A870292EC8B9007D45C4 /* Base */,
			);
			name = Main.storyboard;
			sourceTree = "<group>";
		};
		F1F4A874292EC8BC007D45C4 /* LaunchScreen.storyboard */ = {
			isa = PBXVariantGroup;
			children = (
				F1F4A875292EC8BC007D45C4 /* Base */,
			);
			name = LaunchScreen.storyboard;
			sourceTree = "<group>";
		};
/* End PBXVariantGroup section */

/* Begin XCBuildConfiguration section */
		F1F4A878292EC8BC007D45C4 /* Debug */ = {
			isa = XCBuildConfiguration;
			buildSettings = {
				ALWAYS_SEARCH_USER_PATHS = NO;
				CLANG_ANALYZER_NONNULL = YES;
				CLANG_ANALYZER_NUMBER_OBJECT_CONVERSION = YES_AGGRESSIVE;
				CLANG_CXX_LANGUAGE_STANDARD = "gnu++20";
				CLANG_ENABLE_MODULES = YES;
				CLANG_ENABLE_OBJC_ARC = YES;
				CLANG_ENABLE_OBJC_WEAK = YES;
				CLANG_WARN_BLOCK_CAPTURE_AUTORELEASING = YES;
				CLANG_WARN_BOOL_CONVERSION = YES;
				CLANG_WARN_COMMA = YES;
				CLANG_WARN_CONSTANT_CONVERSION = YES;
				CLANG_WARN_DEPRECATED_OBJC_IMPLEMENTATIONS = YES;
				CLANG_WARN_DIRECT_OBJC_ISA_USAGE = YES_ERROR;
				CLANG_WARN_DOCUMENTATION_COMMENTS = YES;
				CLANG_WARN_EMPTY_BODY = YES;
				CLANG_WARN_ENUM_CONVERSION = YES;
				CLANG_WARN_INFINITE_RECURSION = YES;
				CLANG_WARN_INT_CONVERSION = YES;
				CLANG_WARN_NON_LITERAL_NULL_CONVERSION = YES;
				CLANG_WARN_OBJC_IMPLICIT_RETAIN_SELF = YES;
				CLANG_WARN_OBJC_LITERAL_CONVERSION = YES;
				CLANG_WARN_OBJC_ROOT_CLASS = YES_ERROR;
				CLANG_WARN_QUOTED_INCLUDE_IN_FRAMEWORK_HEADER = YES;
				CLANG_WARN_RANGE_LOOP_ANALYSIS = YES;
				CLANG_WARN_STRICT_PROTOTYPES = YES;
				CLANG_WARN_SUSPICIOUS_MOVE = YES;
				CLANG_WARN_UNGUARDED_AVAILABILITY = YES_AGGRESSIVE;
				CLANG_WARN_UNREACHABLE_CODE = YES;
				CLANG_WARN__DUPLICATE_METHOD_MATCH = YES;
				COPY_PHASE_STRIP = NO;
				DEBUG_INFORMATION_FORMAT = dwarf;
				ENABLE_STRICT_OBJC_MSGSEND = YES;
				ENABLE_TESTABILITY = YES;
				GCC_C_LANGUAGE_STANDARD = gnu11;
				GCC_DYNAMIC_NO_PIC = NO;
				GCC_NO_COMMON_BLOCKS = YES;
				GCC_OPTIMIZATION_LEVEL = 0;
				GCC_PREPROCESSOR_DEFINITIONS = (
					"DEBUG=1",
					"$(inherited)",
				);
				GCC_WARN_64_TO_32_BIT_CONVERSION = YES;
				GCC_WARN_ABOUT_RETURN_TYPE = YES_ERROR;
				GCC_WARN_UNDECLARED_SELECTOR = YES;
				GCC_WARN_UNINITIALIZED_AUTOS = YES_AGGRESSIVE;
				GCC_WARN_UNUSED_FUNCTION = YES;
				GCC_WARN_UNUSED_VARIABLE = YES;
				IPHONEOS_DEPLOYMENT_TARGET = 16.1;
				MTL_ENABLE_DEBUG_INFO = INCLUDE_SOURCE;
				MTL_FAST_MATH = YES;
				ONLY_ACTIVE_ARCH = YES;
				SDKROOT = iphoneos;
				SWIFT_ACTIVE_COMPILATION_CONDITIONS = DEBUG;
				SWIFT_OPTIMIZATION_LEVEL = "-Onone";
			};
			name = Debug;
		};
		F1F4A879292EC8BC007D45C4 /* Release */ = {
			isa = XCBuildConfiguration;
			buildSettings = {
				ALWAYS_SEARCH_USER_PATHS = NO;
				CLANG_ANALYZER_NONNULL = YES;
				CLANG_ANALYZER_NUMBER_OBJECT_CONVERSION = YES_AGGRESSIVE;
				CLANG_CXX_LANGUAGE_STANDARD = "gnu++20";
				CLANG_ENABLE_MODULES = YES;
				CLANG_ENABLE_OBJC_ARC = YES;
				CLANG_ENABLE_OBJC_WEAK = YES;
				CLANG_WARN_BLOCK_CAPTURE_AUTORELEASING = YES;
				CLANG_WARN_BOOL_CONVERSION = YES;
				CLANG_WARN_COMMA = YES;
				CLANG_WARN_CONSTANT_CONVERSION = YES;
				CLANG_WARN_DEPRECATED_OBJC_IMPLEMENTATIONS = YES;
				CLANG_WARN_DIRECT_OBJC_ISA_USAGE = YES_ERROR;
				CLANG_WARN_DOCUMENTATION_COMMENTS = YES;
				CLANG_WARN_EMPTY_BODY = YES;
				CLANG_WARN_ENUM_CONVERSION = YES;
				CLANG_WARN_INFINITE_RECURSION = YES;
				CLANG_WARN_INT_CONVERSION = YES;
				CLANG_WARN_NON_LITERAL_NULL_CONVERSION = YES;
				CLANG_WARN_OBJC_IMPLICIT_RETAIN_SELF = YES;
				CLANG_WARN_OBJC_LITERAL_CONVERSION = YES;
				CLANG_WARN_OBJC_ROOT_CLASS = YES_ERROR;
				CLANG_WARN_QUOTED_INCLUDE_IN_FRAMEWORK_HEADER = YES;
				CLANG_WARN_RANGE_LOOP_ANALYSIS = YES;
				CLANG_WARN_STRICT_PROTOTYPES = YES;
				CLANG_WARN_SUSPICIOUS_MOVE = YES;
				CLANG_WARN_UNGUARDED_AVAILABILITY = YES_AGGRESSIVE;
				CLANG_WARN_UNREACHABLE_CODE = YES;
				CLANG_WARN__DUPLICATE_METHOD_MATCH = YES;
				COPY_PHASE_STRIP = NO;
				DEBUG_INFORMATION_FORMAT = "dwarf-with-dsym";
				ENABLE_NS_ASSERTIONS = NO;
				ENABLE_STRICT_OBJC_MSGSEND = YES;
				GCC_C_LANGUAGE_STANDARD = gnu11;
				GCC_NO_COMMON_BLOCKS = YES;
				GCC_WARN_64_TO_32_BIT_CONVERSION = YES;
				GCC_WARN_ABOUT_RETURN_TYPE = YES_ERROR;
				GCC_WARN_UNDECLARED_SELECTOR = YES;
				GCC_WARN_UNINITIALIZED_AUTOS = YES_AGGRESSIVE;
				GCC_WARN_UNUSED_FUNCTION = YES;
				GCC_WARN_UNUSED_VARIABLE = YES;
				IPHONEOS_DEPLOYMENT_TARGET = 16.1;
				MTL_ENABLE_DEBUG_INFO = NO;
				MTL_FAST_MATH = YES;
				SDKROOT = iphoneos;
				SWIFT_COMPILATION_MODE = wholemodule;
				SWIFT_OPTIMIZATION_LEVEL = "-O";
				VALIDATE_PRODUCT = YES;
			};
			name = Release;
		};
		F1F4A87B292EC8BC007D45C4 /* Debug */ = {
			isa = XCBuildConfiguration;
			buildSettings = {
				ASSETCATALOG_COMPILER_APPICON_NAME = AppIcon;
				ASSETCATALOG_COMPILER_GLOBAL_ACCENT_COLOR_NAME = AccentColor;
				CODE_SIGN_STYLE = Automatic;
				CURRENT_PROJECT_VERSION = 1;
				DEVELOPMENT_TEAM = 4Z6ZC6JCHL;
				GENERATE_INFOPLIST_FILE = YES;
				INFOPLIST_FILE = AppChallenge/Info.plist;
				INFOPLIST_KEY_UIApplicationSupportsIndirectInputEvents = YES;
				INFOPLIST_KEY_UILaunchStoryboardName = LaunchScreen;
				INFOPLIST_KEY_UIMainStoryboardFile = Main;
				INFOPLIST_KEY_UISupportedInterfaceOrientations_iPad = "UIInterfaceOrientationPortrait UIInterfaceOrientationPortraitUpsideDown UIInterfaceOrientationLandscapeLeft UIInterfaceOrientationLandscapeRight";
				INFOPLIST_KEY_UISupportedInterfaceOrientations_iPhone = "UIInterfaceOrientationPortrait UIInterfaceOrientationLandscapeLeft UIInterfaceOrientationLandscapeRight";
				IPHONEOS_DEPLOYMENT_TARGET = 15.0;
				LD_RUNPATH_SEARCH_PATHS = (
					"$(inherited)",
					"@executable_path/Frameworks",
				);
				MARKETING_VERSION = 1.0;
				PRODUCT_BUNDLE_IDENTIFIER = co.zw.AppChallenge;
				PRODUCT_NAME = "$(TARGET_NAME)";
				SWIFT_EMIT_LOC_STRINGS = YES;
				SWIFT_VERSION = 5.0;
				TARGETED_DEVICE_FAMILY = "1,2";
			};
			name = Debug;
		};
		F1F4A87C292EC8BC007D45C4 /* Release */ = {
			isa = XCBuildConfiguration;
			buildSettings = {
				ASSETCATALOG_COMPILER_APPICON_NAME = AppIcon;
				ASSETCATALOG_COMPILER_GLOBAL_ACCENT_COLOR_NAME = AccentColor;
				CODE_SIGN_STYLE = Automatic;
				CURRENT_PROJECT_VERSION = 1;
				DEVELOPMENT_TEAM = 4Z6ZC6JCHL;
				GENERATE_INFOPLIST_FILE = YES;
				INFOPLIST_FILE = AppChallenge/Info.plist;
				INFOPLIST_KEY_UIApplicationSupportsIndirectInputEvents = YES;
				INFOPLIST_KEY_UILaunchStoryboardName = LaunchScreen;
				INFOPLIST_KEY_UIMainStoryboardFile = Main;
				INFOPLIST_KEY_UISupportedInterfaceOrientations_iPad = "UIInterfaceOrientationPortrait UIInterfaceOrientationPortraitUpsideDown UIInterfaceOrientationLandscapeLeft UIInterfaceOrientationLandscapeRight";
				INFOPLIST_KEY_UISupportedInterfaceOrientations_iPhone = "UIInterfaceOrientationPortrait UIInterfaceOrientationLandscapeLeft UIInterfaceOrientationLandscapeRight";
				IPHONEOS_DEPLOYMENT_TARGET = 15.0;
				LD_RUNPATH_SEARCH_PATHS = (
					"$(inherited)",
					"@executable_path/Frameworks",
				);
				MARKETING_VERSION = 1.0;
				PRODUCT_BUNDLE_IDENTIFIER = co.zw.AppChallenge;
				PRODUCT_NAME = "$(TARGET_NAME)";
				SWIFT_EMIT_LOC_STRINGS = YES;
				SWIFT_VERSION = 5.0;
				TARGETED_DEVICE_FAMILY = "1,2";
			};
			name = Release;
		};
/* End XCBuildConfiguration section */

/* Begin XCConfigurationList section */
		F1F4A861292EC8B9007D45C4 /* Build configuration list for PBXProject "AppChallenge" */ = {
			isa = XCConfigurationList;
			buildConfigurations = (
				F1F4A878292EC8BC007D45C4 /* Debug */,
				F1F4A879292EC8BC007D45C4 /* Release */,
			);
			defaultConfigurationIsVisible = 0;
			defaultConfigurationName = Release;
		};
		F1F4A87A292EC8BC007D45C4 /* Build configuration list for PBXNativeTarget "AppChallenge" */ = {
			isa = XCConfigurationList;
			buildConfigurations = (
				F1F4A87B292EC8BC007D45C4 /* Debug */,
				F1F4A87C292EC8BC007D45C4 /* Release */,
			);
			defaultConfigurationIsVisible = 0;
			defaultConfigurationName = Release;
		};
/* End XCConfigurationList section */
	};
	rootObject = F1F4A85E292EC8B9007D45C4 /* Project object */;
}
